
Microsoft Visual Studio Solution File, Format Version 12.00
# Visual Studio 14
VisualStudioVersion = 14.0.22609.0
MinimumVisualStudioVersion = 10.0.40219.1
Project("{FAE04EC0-301F-11D3-BF4B-00C04F79EFBC}") = "TwixelAppUniversal", "TwixelAppUniversal\TwixelAppUniversal.csproj", "{32B8BB6A-8BCD-471F-90B9-97FCA2A6274C}"
EndProject
Project("{FAE04EC0-301F-11D3-BF4B-00C04F79EFBC}") = "Twixel", "..\Twixel\Twixel\Twixel.csproj", "{DFD0DB77-DBC7-4B79-8747-F9CAF6274DBE}"
EndProject
Global
	GlobalSection(SolutionConfigurationPlatforms) = preSolution
		Debug|Any CPU = Debug|Any CPU
		Debug|ARM = Debug|ARM
		Debug|x64 = Debug|x64
		Debug|x86 = Debug|x86
		Release|Any CPU = Release|Any CPU
		Release|ARM = Release|ARM
		Release|x64 = Release|x64
		Release|x86 = Release|x86
	EndGlobalSection
	GlobalSection(ProjectConfigurationPlatforms) = postSolution
		{32B8BB6A-8BCD-471F-90B9-97FCA2A6274C}.Debug|Any CPU.ActiveCfg = Debug|Any CPU
		{32B8BB6A-8BCD-471F-90B9-97FCA2A6274C}.Debug|Any CPU.Build.0 = Debug|Any CPU
		{32B8BB6A-8BCD-471F-90B9-97FCA2A6274C}.Debug|Any CPU.Deploy.0 = Debug|Any CPU
		{32B8BB6A-8BCD-471F-90B9-97FCA2A6274C}.Debug|ARM.ActiveCfg = Debug|ARM
		{32B8BB6A-8BCD-471F-90B9-97FCA2A6274C}.Debug|ARM.Build.0 = Debug|ARM
		{32B8BB6A-8BCD-471F-90B9-97FCA2A6274C}.Debug|ARM.Deploy.0 = Debug|ARM
		{32B8BB6A-8BCD-471F-90B9-97FCA2A6274C}.Debug|x64.ActiveCfg = Debug|x64
		{32B8BB6A-8BCD-471F-90B9-97FCA2A6274C}.Debug|x64.Build.0 = Debug|x64
		{32B8BB6A-8BCD-471F-90B9-97FCA2A6274C}.Debug|x64.Deploy.0 = Debug|x64
		{32B8BB6A-8BCD-471F-90B9-97FCA2A6274C}.Debug|x86.ActiveCfg = Debug|x86
		{32B8BB6A-8BCD-471F-90B9-97FCA2A6274C}.Debug|x86.Build.0 = Debug|x86
		{32B8BB6A-8BCD-471F-90B9-97FCA2A6274C}.Debug|x86.Deploy.0 = Debug|x86
		{32B8BB6A-8BCD-471F-90B9-97FCA2A6274C}.Release|Any CPU.ActiveCfg = Release|Any CPU
		{32B8BB6A-8BCD-471F-90B9-97FCA2A6274C}.Release|Any CPU.Build.0 = Release|Any CPU
		{32B8BB6A-8BCD-471F-90B9-97FCA2A6274C}.Release|Any CPU.Deploy.0 = Release|Any CPU
		{32B8BB6A-8BCD-471F-90B9-97FCA2A6274C}.Release|ARM.ActiveCfg = Release|ARM
		{32B8BB6A-8BCD-471F-90B9-97FCA2A6274C}.Release|ARM.Build.0 = Release|ARM
		{32B8BB6A-8BCD-471F-90B9-97FCA2A6274C}.Release|ARM.Deploy.0 = Release|ARM
		{32B8BB6A-8BCD-471F-90B9-97FCA2A6274C}.Release|x64.ActiveCfg = Release|x64
		{32B8BB6A-8BCD-471F-90B9-97FCA2A6274C}.Release|x64.Build.0 = Release|x64
		{32B8BB6A-8BCD-471F-90B9-97FCA2A6274C}.Release|x64.Deploy.0 = Release|x64
		{32B8BB6A-8BCD-471F-90B9-97FCA2A6274C}.Release|x86.ActiveCfg = Release|x86
		{32B8BB6A-8BCD-471F-90B9-97FCA2A6274C}.Release|x86.Build.0 = Release|x86
		{32B8BB6A-8BCD-471F-90B9-97FCA2A6274C}.Release|x86.Deploy.0 = Release|x86
		{DFD0DB77-DBC7-4B79-8747-F9CAF6274DBE}.Debug|Any CPU.ActiveCfg = Debug|Any CPU
		{DFD0DB77-DBC7-4B79-8747-F9CAF6274DBE}.Debug|Any CPU.Build.0 = Debug|Any CPU
		{DFD0DB77-DBC7-4B79-8747-F9CAF6274DBE}.Debug|ARM.ActiveCfg = Debug|Any CPU
		{DFD0DB77-DBC7-4B79-8747-F9CAF6274DBE}.Debug|ARM.Build.0 = Debug|Any CPU
		{DFD0DB77-DBC7-4B79-8747-F9CAF6274DBE}.Debug|x64.ActiveCfg = Debug|Any CPU
		{DFD0DB77-DBC7-4B79-8747-F9CAF6274DBE}.Debug|x64.Build.0 = Debug|Any CPU
		{DFD0DB77-DBC7-4B79-8747-F9CAF6274DBE}.Debug|x86.ActiveCfg = Debug|Any CPU
		{DFD0DB77-DBC7-4B79-8747-F9CAF6274DBE}.Debug|x86.Build.0 = Debug|Any CPU
		{DFD0DB77-DBC7-4B79-8747-F9CAF6274DBE}.Release|Any CPU.ActiveCfg = Release|Any CPU
		{DFD0DB77-DBC7-4B79-8747-F9CAF6274DBE}.Release|Any CPU.Build.0 = Release|Any CPU
		{DFD0DB77-DBC7-4B79-8747-F9CAF6274DBE}.Release|ARM.ActiveCfg = Release|Any CPU
		{DFD0DB77-DBC7-4B79-8747-F9CAF6274DBE}.Release|ARM.Build.0 = Release|Any CPU
		{DFD0DB77-DBC7-4B79-8747-F9CAF6274DBE}.Release|x64.ActiveCfg = Release|Any CPU
		{DFD0DB77-DBC7-4B79-8747-F9CAF6274DBE}.Release|x64.Build.0 = Release|Any CPU
		{DFD0DB77-DBC7-4B79-8747-F9CAF6274DBE}.Release|x86.ActiveCfg = Release|Any CPU
		{DFD0DB77-DBC7-4B79-8747-F9CAF6274DBE}.Release|x86.Build.0 = Release|Any CPU
	EndGlobalSection
	GlobalSection(SolutionProperties) = preSolution
		HideSolutionNode = FALSE
	EndGlobalSection
EndGlobal
